// !$*UTF8*$!
{
	archiveVersion = 1;
	classes = {
	};
	objectVersion = 56;
	objects = {

/* Begin PBXBuildFile section */
		CE3F80FB29AFB7B000C4B12F /* AppDelegate.swift in Sources */ = {isa = PBXBuildFile; fileRef = CE3F80FA29AFB7B000C4B12F /* AppDelegate.swift */; };
		CE3F80FD29AFB7B000C4B12F /* SceneDelegate.swift in Sources */ = {isa = PBXBuildFile; fileRef = CE3F80FC29AFB7B000C4B12F /* SceneDelegate.swift */; };
		CE3F80FF29AFB7B000C4B12F /* ViewController.swift in Sources */ = {isa = PBXBuildFile; fileRef = CE3F80FE29AFB7B000C4B12F /* ViewController.swift */; };
		CE3F810229AFB7B000C4B12F /* Main.storyboard in Resources */ = {isa = PBXBuildFile; fileRef = CE3F810029AFB7B000C4B12F /* Main.storyboard */; };
		CE3F810429AFB7B300C4B12F /* Assets.xcassets in Resources */ = {isa = PBXBuildFile; fileRef = CE3F810329AFB7B300C4B12F /* Assets.xcassets */; };
		CE3F810729AFB7B300C4B12F /* LaunchScreen.storyboard in Resources */ = {isa = PBXBuildFile; fileRef = CE3F810529AFB7B300C4B12F /* LaunchScreen.storyboard */; };
		CE3F811229AFB7B300C4B12F /* IdeaSoftTests.swift in Sources */ = {isa = PBXBuildFile; fileRef = CE3F811129AFB7B300C4B12F /* IdeaSoftTests.swift */; };
		CE3F811C29AFB7B300C4B12F /* IdeaSoftUITests.swift in Sources */ = {isa = PBXBuildFile; fileRef = CE3F811B29AFB7B300C4B12F /* IdeaSoftUITests.swift */; };
		CE3F811E29AFB7B300C4B12F /* IdeaSoftUITestsLaunchTests.swift in Sources */ = {isa = PBXBuildFile; fileRef = CE3F811D29AFB7B300C4B12F /* IdeaSoftUITestsLaunchTests.swift */; };
/* End PBXBuildFile section */

/* Begin PBXContainerItemProxy section */
		CE3F810E29AFB7B300C4B12F /* PBXContainerItemProxy */ = {
			isa = PBXContainerItemProxy;
			containerPortal = CE3F80EF29AFB7B000C4B12F /* Project object */;
			proxyType = 1;
			remoteGlobalIDString = CE3F80F629AFB7B000C4B12F;
			remoteInfo = IdeaSoft;
		};
		CE3F811829AFB7B300C4B12F /* PBXContainerItemProxy */ = {
			isa = PBXContainerItemProxy;
			containerPortal = CE3F80EF29AFB7B000C4B12F /* Project object */;
			proxyType = 1;
			remoteGlobalIDString = CE3F80F629AFB7B000C4B12F;
			remoteInfo = IdeaSoft;
		};
/* End PBXContainerItemProxy section */

/* Begin PBXFileReference section */
		CE3F80F729AFB7B000C4B12F /* IdeaSoft.app */ = {isa = PBXFileReference; explicitFileType = wrapper.application; includeInIndex = 0; path = IdeaSoft.app; sourceTree = BUILT_PRODUCTS_DIR; };
		CE3F80FA29AFB7B000C4B12F /* AppDelegate.swift */ = {isa = PBXFileReference; lastKnownFileType = sourcecode.swift; path = AppDelegate.swift; sourceTree = "<group>"; };
		CE3F80FC29AFB7B000C4B12F /* SceneDelegate.swift */ = {isa = PBXFileReference; lastKnownFileType = sourcecode.swift; path = SceneDelegate.swift; sourceTree = "<group>"; };
		CE3F80FE29AFB7B000C4B12F /* ViewController.swift */ = {isa = PBXFileReference; lastKnownFileType = sourcecode.swift; path = ViewController.swift; sourceTree = "<group>"; };
		CE3F810129AFB7B000C4B12F /* Base */ = {isa = PBXFileReference; lastKnownFileType = file.storyboard; name = Base; path = Base.lproj/Main.storyboard; sourceTree = "<group>"; };
		CE3F810329AFB7B300C4B12F /* Assets.xcassets */ = {isa = PBXFileReference; lastKnownFileType = folder.assetcatalog; path = Assets.xcassets; sourceTree = "<group>"; };
		CE3F810629AFB7B300C4B12F /* Base */ = {isa = PBXFileReference; lastKnownFileType = file.storyboard; name = Base; path = Base.lproj/LaunchScreen.storyboard; sourceTree = "<group>"; };
		CE3F810829AFB7B300C4B12F /* Info.plist */ = {isa = PBXFileReference; lastKnownFileType = text.plist.xml; path = Info.plist; sourceTree = "<group>"; };
		CE3F810D29AFB7B300C4B12F /* IdeaSoftTests.xctest */ = {isa = PBXFileReference; explicitFileType = wrapper.cfbundle; includeInIndex = 0; path = IdeaSoftTests.xctest; sourceTree = BUILT_PRODUCTS_DIR; };
		CE3F811129AFB7B300C4B12F /* IdeaSoftTests.swift */ = {isa = PBXFileReference; lastKnownFileType = sourcecode.swift; path = IdeaSoftTests.swift; sourceTree = "<group>"; };
		CE3F811729AFB7B300C4B12F /* IdeaSoftUITests.xctest */ = {isa = PBXFileReference; explicitFileType = wrapper.cfbundle; includeInIndex = 0; path = IdeaSoftUITests.xctest; sourceTree = BUILT_PRODUCTS_DIR; };
		CE3F811B29AFB7B300C4B12F /* IdeaSoftUITests.swift */ = {isa = PBXFileReference; lastKnownFileType = sourcecode.swift; path = IdeaSoftUITests.swift; sourceTree = "<group>"; };
		CE3F811D29AFB7B300C4B12F /* IdeaSoftUITestsLaunchTests.swift */ = {isa = PBXFileReference; lastKnownFileType = sourcecode.swift; path = IdeaSoftUITestsLaunchTests.swift; sourceTree = "<group>"; };
/* End PBXFileReference section */

/* Begin PBXFrameworksBuildPhase section */
		CE3F80F429AFB7B000C4B12F /* Frameworks */ = {
			isa = PBXFrameworksBuildPhase;
			buildActionMask = 2147483647;
			files = (
			);
			runOnlyForDeploymentPostprocessing = 0;
		};
		CE3F810A29AFB7B300C4B12F /* Frameworks */ = {
			isa = PBXFrameworksBuildPhase;
			buildActionMask = 2147483647;
			files = (
			);
			runOnlyForDeploymentPostprocessing = 0;
		};
		CE3F811429AFB7B300C4B12F /* Frameworks */ = {
			isa = PBXFrameworksBuildPhase;
			buildActionMask = 2147483647;
			files = (
			);
			runOnlyForDeploymentPostprocessing = 0;
		};
/* End PBXFrameworksBuildPhase section */

/* Begin PBXGroup section */
		CE3F80EE29AFB7B000C4B12F = {
			isa = PBXGroup;
			children = (
				CE3F80F929AFB7B000C4B12F /* IdeaSoft */,
				CE3F811029AFB7B300C4B12F /* IdeaSoftTests */,
				CE3F811A29AFB7B300C4B12F /* IdeaSoftUITests */,
				CE3F80F829AFB7B000C4B12F /* Products */,
			);
			sourceTree = "<group>";
		};
		CE3F80F829AFB7B000C4B12F /* Products */ = {
			isa = PBXGroup;
			children = (
				CE3F80F729AFB7B000C4B12F /* IdeaSoft.app */,
				CE3F810D29AFB7B300C4B12F /* IdeaSoftTests.xctest */,
				CE3F811729AFB7B300C4B12F /* IdeaSoftUITests.xctest */,
			);
			name = Products;
			sourceTree = "<group>";
		};
		CE3F80F929AFB7B000C4B12F /* IdeaSoft */ = {
			isa = PBXGroup;
			children = (
				CE3F80FA29AFB7B000C4B12F /* AppDelegate.swift */,
				CE3F80FC29AFB7B000C4B12F /* SceneDelegate.swift */,
				CE3F80FE29AFB7B000C4B12F /* ViewController.swift */,
				CE3F810029AFB7B000C4B12F /* Main.storyboard */,
				CE3F810329AFB7B300C4B12F /* Assets.xcassets */,
				CE3F810529AFB7B300C4B12F /* LaunchScreen.storyboard */,
				CE3F810829AFB7B300C4B12F /* Info.plist */,
			);
			path = IdeaSoft;
			sourceTree = "<group>";
		};
		CE3F811029AFB7B300C4B12F /* IdeaSoftTests */ = {
			isa = PBXGroup;
			children = (
				CE3F811129AFB7B300C4B12F /* IdeaSoftTests.swift */,
			);
			path = IdeaSoftTests;
			sourceTree = "<group>";
		};
		CE3F811A29AFB7B300C4B12F /* IdeaSoftUITests */ = {
			isa = PBXGroup;
			children = (
				CE3F811B29AFB7B300C4B12F /* IdeaSoftUITests.swift */,
				CE3F811D29AFB7B300C4B12F /* IdeaSoftUITestsLaunchTests.swift */,
			);
			path = IdeaSoftUITests;
			sourceTree = "<group>";
		};
/* End PBXGroup section */

/* Begin PBXNativeTarget section */
		CE3F80F629AFB7B000C4B12F /* IdeaSoft */ = {
			isa = PBXNativeTarget;
			buildConfigurationList = CE3F812129AFB7B300C4B12F /* Build configuration list for PBXNativeTarget "IdeaSoft" */;
			buildPhases = (
				CE3F80F329AFB7B000C4B12F /* Sources */,
				CE3F80F429AFB7B000C4B12F /* Frameworks */,
				CE3F80F529AFB7B000C4B12F /* Resources */,
			);
			buildRules = (
			);
			dependencies = (
			);
			name = IdeaSoft;
			productName = IdeaSoft;
			productReference = CE3F80F729AFB7B000C4B12F /* IdeaSoft.app */;
			productType = "com.apple.product-type.application";
		};
		CE3F810C29AFB7B300C4B12F /* IdeaSoftTests */ = {
			isa = PBXNativeTarget;
			buildConfigurationList = CE3F812429AFB7B300C4B12F /* Build configuration list for PBXNativeTarget "IdeaSoftTests" */;
			buildPhases = (
				CE3F810929AFB7B300C4B12F /* Sources */,
				CE3F810A29AFB7B300C4B12F /* Frameworks */,
				CE3F810B29AFB7B300C4B12F /* Resources */,
			);
			buildRules = (
			);
			dependencies = (
				CE3F810F29AFB7B300C4B12F /* PBXTargetDependency */,
			);
			name = IdeaSoftTests;
			productName = IdeaSoftTests;
			productReference = CE3F810D29AFB7B300C4B12F /* IdeaSoftTests.xctest */;
			productType = "com.apple.product-type.bundle.unit-test";
		};
		CE3F811629AFB7B300C4B12F /* IdeaSoftUITests */ = {
			isa = PBXNativeTarget;
			buildConfigurationList = CE3F812729AFB7B300C4B12F /* Build configuration list for PBXNativeTarget "IdeaSoftUITests" */;
			buildPhases = (
				CE3F811329AFB7B300C4B12F /* Sources */,
				CE3F811429AFB7B300C4B12F /* Frameworks */,
				CE3F811529AFB7B300C4B12F /* Resources */,
			);
			buildRules = (
			);
			dependencies = (
				CE3F811929AFB7B300C4B12F /* PBXTargetDependency */,
			);
			name = IdeaSoftUITests;
			productName = IdeaSoftUITests;
			productReference = CE3F811729AFB7B300C4B12F /* IdeaSoftUITests.xctest */;
			productType = "com.apple.product-type.bundle.ui-testing";
		};
/* End PBXNativeTarget section */

/* Begin PBXProject section */
		CE3F80EF29AFB7B000C4B12F /* Project object */ = {
			isa = PBXProject;
			attributes = {
				BuildIndependentTargetsInParallel = 1;
				LastSwiftUpdateCheck = 1420;
				LastUpgradeCheck = 1420;
				TargetAttributes = {
					CE3F80F629AFB7B000C4B12F = {
						CreatedOnToolsVersion = 14.2;
					};
					CE3F810C29AFB7B300C4B12F = {
						CreatedOnToolsVersion = 14.2;
						TestTargetID = CE3F80F629AFB7B000C4B12F;
					};
					CE3F811629AFB7B300C4B12F = {
						CreatedOnToolsVersion = 14.2;
						TestTargetID = CE3F80F629AFB7B000C4B12F;
					};
				};
			};
			buildConfigurationList = CE3F80F229AFB7B000C4B12F /* Build configuration list for PBXProject "IdeaSoft" */;
			compatibilityVersion = "Xcode 14.0";
			developmentRegion = en;
			hasScannedForEncodings = 0;
			knownRegions = (
				en,
				Base,
			);
			mainGroup = CE3F80EE29AFB7B000C4B12F;
			productRefGroup = CE3F80F829AFB7B000C4B12F /* Products */;
			projectDirPath = "";
			projectRoot = "";
			targets = (
				CE3F80F629AFB7B000C4B12F /* IdeaSoft */,
				CE3F810C29AFB7B300C4B12F /* IdeaSoftTests */,
				CE3F811629AFB7B300C4B12F /* IdeaSoftUITests */,
			);
		};
/* End PBXProject section */

/* Begin PBXResourcesBuildPhase section */
		CE3F80F529AFB7B000C4B12F /* Resources */ = {
			isa = PBXResourcesBuildPhase;
			buildActionMask = 2147483647;
			files = (
				CE3F810729AFB7B300C4B12F /* LaunchScreen.storyboard in Resources */,
				CE3F810429AFB7B300C4B12F /* Assets.xcassets in Resources */,
				CE3F810229AFB7B000C4B12F /* Main.storyboard in Resources */,
			);
			runOnlyForDeploymentPostprocessing = 0;
		};
		CE3F810B29AFB7B300C4B12F /* Resources */ = {
			isa = PBXResourcesBuildPhase;
			buildActionMask = 2147483647;
			files = (
			);
			runOnlyForDeploymentPostprocessing = 0;
		};
		CE3F811529AFB7B300C4B12F /* Resources */ = {
			isa = PBXResourcesBuildPhase;
			buildActionMask = 2147483647;
			files = (
			);
			runOnlyForDeploymentPostprocessing = 0;
		};
/* End PBXResourcesBuildPhase section */

/* Begin PBXSourcesBuildPhase section */
		CE3F80F329AFB7B000C4B12F /* Sources */ = {
			isa = PBXSourcesBuildPhase;
			buildActionMask = 2147483647;
			files = (
				CE3F80FF29AFB7B000C4B12F /* ViewController.swift in Sources */,
				CE3F80FB29AFB7B000C4B12F /* AppDelegate.swift in Sources */,
				CE3F80FD29AFB7B000C4B12F /* SceneDelegate.swift in Sources */,
			);
			runOnlyForDeploymentPostprocessing = 0;
		};
		CE3F810929AFB7B300C4B12F /* Sources */ = {
			isa = PBXSourcesBuildPhase;
			buildActionMask = 2147483647;
			files = (
				CE3F811229AFB7B300C4B12F /* IdeaSoftTests.swift in Sources */,
			);
			runOnlyForDeploymentPostprocessing = 0;
		};
		CE3F811329AFB7B300C4B12F /* Sources */ = {
			isa = PBXSourcesBuildPhase;
			buildActionMask = 2147483647;
			files = (
				CE3F811E29AFB7B300C4B12F /* IdeaSoftUITestsLaunchTests.swift in Sources */,
				CE3F811C29AFB7B300C4B12F /* IdeaSoftUITests.swift in Sources */,
			);
			runOnlyForDeploymentPostprocessing = 0;
		};
/* End PBXSourcesBuildPhase section */

/* Begin PBXTargetDependency section */
		CE3F810F29AFB7B300C4B12F /* PBXTargetDependency */ = {
			isa = PBXTargetDependency;
			target = CE3F80F629AFB7B000C4B12F /* IdeaSoft */;
			targetProxy = CE3F810E29AFB7B300C4B12F /* PBXContainerItemProxy */;
		};
		CE3F811929AFB7B300C4B12F /* PBXTargetDependency */ = {
			isa = PBXTargetDependency;
			target = CE3F80F629AFB7B000C4B12F /* IdeaSoft */;
			targetProxy = CE3F811829AFB7B300C4B12F /* PBXContainerItemProxy */;
		};
/* End PBXTargetDependency section */

/* Begin PBXVariantGroup section */
		CE3F810029AFB7B000C4B12F /* Main.storyboard */ = {
			isa = PBXVariantGroup;
			children = (
				CE3F810129AFB7B000C4B12F /* Base */,
			);
			name = Main.storyboard;
			sourceTree = "<group>";
		};
		CE3F810529AFB7B300C4B12F /* LaunchScreen.storyboard */ = {
			isa = PBXVariantGroup;
			children = (
				CE3F810629AFB7B300C4B12F /* Base */,
			);
			name = LaunchScreen.storyboard;
			sourceTree = "<group>";
		};
/* End PBXVariantGroup section */

/* Begin XCBuildConfiguration section */
		CE3F811F29AFB7B300C4B12F /* Debug */ = {
			isa = XCBuildConfiguration;
			buildSettings = {
				ALWAYS_SEARCH_USER_PATHS = NO;
				CLANG_ANALYZER_NONNULL = YES;
				CLANG_ANALYZER_NUMBER_OBJECT_CONVERSION = YES_AGGRESSIVE;
				CLANG_CXX_LANGUAGE_STANDARD = "gnu++20";
				CLANG_ENABLE_MODULES = YES;
				CLANG_ENABLE_OBJC_ARC = YES;
				CLANG_ENABLE_OBJC_WEAK = YES;
				CLANG_WARN_BLOCK_CAPTURE_AUTORELEASING = YES;
				CLANG_WARN_BOOL_CONVERSION = YES;
				CLANG_WARN_COMMA = YES;
				CLANG_WARN_CONSTANT_CONVERSION = YES;
				CLANG_WARN_DEPRECATED_OBJC_IMPLEMENTATIONS = YES;
				CLANG_WARN_DIRECT_OBJC_ISA_USAGE = YES_ERROR;
				CLANG_WARN_DOCUMENTATION_COMMENTS = YES;
				CLANG_WARN_EMPTY_BODY = YES;
				CLANG_WARN_ENUM_CONVERSION = YES;
				CLANG_WARN_INFINITE_RECURSION = YES;
				CLANG_WARN_INT_CONVERSION = YES;
				CLANG_WARN_NON_LITERAL_NULL_CONVERSION = YES;
				CLANG_WARN_OBJC_IMPLICIT_RETAIN_SELF = YES;
				CLANG_WARN_OBJC_LITERAL_CONVERSION = YES;
				CLANG_WARN_OBJC_ROOT_CLASS = YES_ERROR;
				CLANG_WARN_QUOTED_INCLUDE_IN_FRAMEWORK_HEADER = YES;
				CLANG_WARN_RANGE_LOOP_ANALYSIS = YES;
				CLANG_WARN_STRICT_PROTOTYPES = YES;
				CLANG_WARN_SUSPICIOUS_MOVE = YES;
				CLANG_WARN_UNGUARDED_AVAILABILITY = YES_AGGRESSIVE;
				CLANG_WARN_UNREACHABLE_CODE = YES;
				CLANG_WARN__DUPLICATE_METHOD_MATCH = YES;
				COPY_PHASE_STRIP = NO;
				DEBUG_INFORMATION_FORMAT = dwarf;
				ENABLE_STRICT_OBJC_MSGSEND = YES;
				ENABLE_TESTABILITY = YES;
				GCC_C_LANGUAGE_STANDARD = gnu11;
				GCC_DYNAMIC_NO_PIC = NO;
				GCC_NO_COMMON_BLOCKS = YES;
				GCC_OPTIMIZATION_LEVEL = 0;
				GCC_PREPROCESSOR_DEFINITIONS = (
					"DEBUG=1",
					"$(inherited)",
				);
				GCC_WARN_64_TO_32_BIT_CONVERSION = YES;
				GCC_WARN_ABOUT_RETURN_TYPE = YES_ERROR;
				GCC_WARN_UNDECLARED_SELECTOR = YES;
				GCC_WARN_UNINITIALIZED_AUTOS = YES_AGGRESSIVE;
				GCC_WARN_UNUSED_FUNCTION = YES;
				GCC_WARN_UNUSED_VARIABLE = YES;
				IPHONEOS_DEPLOYMENT_TARGET = 16.2;
				MTL_ENABLE_DEBUG_INFO = INCLUDE_SOURCE;
				MTL_FAST_MATH = YES;
				ONLY_ACTIVE_ARCH = YES;
				SDKROOT = iphoneos;
				SWIFT_ACTIVE_COMPILATION_CONDITIONS = DEBUG;
				SWIFT_OPTIMIZATION_LEVEL = "-Onone";
			};
			name = Debug;
		};
		CE3F812029AFB7B300C4B12F /* Release */ = {
			isa = XCBuildConfiguration;
			buildSettings = {
				ALWAYS_SEARCH_USER_PATHS = NO;
				CLANG_ANALYZER_NONNULL = YES;
				CLANG_ANALYZER_NUMBER_OBJECT_CONVERSION = YES_AGGRESSIVE;
				CLANG_CXX_LANGUAGE_STANDARD = "gnu++20";
				CLANG_ENABLE_MODULES = YES;
				CLANG_ENABLE_OBJC_ARC = YES;
				CLANG_ENABLE_OBJC_WEAK = YES;
				CLANG_WARN_BLOCK_CAPTURE_AUTORELEASING = YES;
				CLANG_WARN_BOOL_CONVERSION = YES;
				CLANG_WARN_COMMA = YES;
				CLANG_WARN_CONSTANT_CONVERSION = YES;
				CLANG_WARN_DEPRECATED_OBJC_IMPLEMENTATIONS = YES;
				CLANG_WARN_DIRECT_OBJC_ISA_USAGE = YES_ERROR;
				CLANG_WARN_DOCUMENTATION_COMMENTS = YES;
				CLANG_WARN_EMPTY_BODY = YES;
				CLANG_WARN_ENUM_CONVERSION = YES;
				CLANG_WARN_INFINITE_RECURSION = YES;
				CLANG_WARN_INT_CONVERSION = YES;
				CLANG_WARN_NON_LITERAL_NULL_CONVERSION = YES;
				CLANG_WARN_OBJC_IMPLICIT_RETAIN_SELF = YES;
				CLANG_WARN_OBJC_LITERAL_CONVERSION = YES;
				CLANG_WARN_OBJC_ROOT_CLASS = YES_ERROR;
				CLANG_WARN_QUOTED_INCLUDE_IN_FRAMEWORK_HEADER = YES;
				CLANG_WARN_RANGE_LOOP_ANALYSIS = YES;
				CLANG_WARN_STRICT_PROTOTYPES = YES;
				CLANG_WARN_SUSPICIOUS_MOVE = YES;
				CLANG_WARN_UNGUARDED_AVAILABILITY = YES_AGGRESSIVE;
				CLANG_WARN_UNREACHABLE_CODE = YES;
				CLANG_WARN__DUPLICATE_METHOD_MATCH = YES;
				COPY_PHASE_STRIP = NO;
				DEBUG_INFORMATION_FORMAT = "dwarf-with-dsym";
				ENABLE_NS_ASSERTIONS = NO;
				ENABLE_STRICT_OBJC_MSGSEND = YES;
				GCC_C_LANGUAGE_STANDARD = gnu11;
				GCC_NO_COMMON_BLOCKS = YES;
				GCC_WARN_64_TO_32_BIT_CONVERSION = YES;
				GCC_WARN_ABOUT_RETURN_TYPE = YES_ERROR;
				GCC_WARN_UNDECLARED_SELECTOR = YES;
				GCC_WARN_UNINITIALIZED_AUTOS = YES_AGGRESSIVE;
				GCC_WARN_UNUSED_FUNCTION = YES;
				GCC_WARN_UNUSED_VARIABLE = YES;
				IPHONEOS_DEPLOYMENT_TARGET = 16.2;
				MTL_ENABLE_DEBUG_INFO = NO;
				MTL_FAST_MATH = YES;
				SDKROOT = iphoneos;
				SWIFT_COMPILATION_MODE = wholemodule;
				SWIFT_OPTIMIZATION_LEVEL = "-O";
				VALIDATE_PRODUCT = YES;
			};
			name = Release;
		};
		CE3F812229AFB7B300C4B12F /* Debug */ = {
			isa = XCBuildConfiguration;
			buildSettings = {
				ASSETCATALOG_COMPILER_APPICON_NAME = AppIcon;
				ASSETCATALOG_COMPILER_GLOBAL_ACCENT_COLOR_NAME = AccentColor;
				CODE_SIGN_STYLE = Automatic;
				CURRENT_PROJECT_VERSION = 1;
				DEVELOPMENT_TEAM = L8DY4ST653;
				GENERATE_INFOPLIST_FILE = YES;
				INFOPLIST_FILE = IdeaSoft/Info.plist;
				INFOPLIST_KEY_UIApplicationSupportsIndirectInputEvents = YES;
				INFOPLIST_KEY_UILaunchStoryboardName = LaunchScreen;
				INFOPLIST_KEY_UIMainStoryboardFile = Main;
				INFOPLIST_KEY_UISupportedInterfaceOrientations_iPad = "UIInterfaceOrientationPortrait UIInterfaceOrientationPortraitUpsideDown UIInterfaceOrientationLandscapeLeft UIInterfaceOrientationLandscapeRight";
				INFOPLIST_KEY_UISupportedInterfaceOrientations_iPhone = "UIInterfaceOrientationPortrait UIInterfaceOrientationLandscapeLeft UIInterfaceOrientationLandscapeRight";
				LD_RUNPATH_SEARCH_PATHS = (
					"$(inherited)",
					"@executable_path/Frameworks",
				);
				MARKETING_VERSION = 1.0;
				PRODUCT_BUNDLE_IDENTIFIER = com.tarabanov.IdeaSoft;
				PRODUCT_NAME = "$(TARGET_NAME)";
				SWIFT_EMIT_LOC_STRINGS = YES;
				SWIFT_VERSION = 5.0;
				TARGETED_DEVICE_FAMILY = "1,2";
			};
			name = Debug;
		};
		CE3F812329AFB7B300C4B12F /* Release */ = {
			isa = XCBuildConfiguration;
			buildSettings = {
				ASSETCATALOG_COMPILER_APPICON_NAME = AppIcon;
				ASSETCATALOG_COMPILER_GLOBAL_ACCENT_COLOR_NAME = AccentColor;
				CODE_SIGN_STYLE = Automatic;
				CURRENT_PROJECT_VERSION = 1;
				DEVELOPMENT_TEAM = L8DY4ST653;
				GENERATE_INFOPLIST_FILE = YES;
				INFOPLIST_FILE = IdeaSoft/Info.plist;
				INFOPLIST_KEY_UIApplicationSupportsIndirectInputEvents = YES;
				INFOPLIST_KEY_UILaunchStoryboardName = LaunchScreen;
				INFOPLIST_KEY_UIMainStoryboardFile = Main;
				INFOPLIST_KEY_UISupportedInterfaceOrientations_iPad = "UIInterfaceOrientationPortrait UIInterfaceOrientationPortraitUpsideDown UIInterfaceOrientationLandscapeLeft UIInterfaceOrientationLandscapeRight";
				INFOPLIST_KEY_UISupportedInterfaceOrientations_iPhone = "UIInterfaceOrientationPortrait UIInterfaceOrientationLandscapeLeft UIInterfaceOrientationLandscapeRight";
				LD_RUNPATH_SEARCH_PATHS = (
					"$(inherited)",
					"@executable_path/Frameworks",
				);
				MARKETING_VERSION = 1.0;
				PRODUCT_BUNDLE_IDENTIFIER = com.tarabanov.IdeaSoft;
				PRODUCT_NAME = "$(TARGET_NAME)";
				SWIFT_EMIT_LOC_STRINGS = YES;
				SWIFT_VERSION = 5.0;
				TARGETED_DEVICE_FAMILY = "1,2";
			};
			name = Release;
		};
		CE3F812529AFB7B300C4B12F /* Debug */ = {
			isa = XCBuildConfiguration;
			buildSettings = {
				ALWAYS_EMBED_SWIFT_STANDARD_LIBRARIES = YES;
				BUNDLE_LOADER = "$(TEST_HOST)";
				CODE_SIGN_STYLE = Automatic;
				CURRENT_PROJECT_VERSION = 1;
				DEVELOPMENT_TEAM = L8DY4ST653;
				GENERATE_INFOPLIST_FILE = YES;
				IPHONEOS_DEPLOYMENT_TARGET = 16.2;
				MARKETING_VERSION = 1.0;
				PRODUCT_BUNDLE_IDENTIFIER = com.tarabanov.IdeaSoftTests;
				PRODUCT_NAME = "$(TARGET_NAME)";
				SWIFT_EMIT_LOC_STRINGS = NO;
				SWIFT_VERSION = 5.0;
				TARGETED_DEVICE_FAMILY = "1,2";
				TEST_HOST = "$(BUILT_PRODUCTS_DIR)/IdeaSoft.app/$(BUNDLE_EXECUTABLE_FOLDER_PATH)/IdeaSoft";
			};
			name = Debug;
		};
		CE3F812629AFB7B300C4B12F /* Release */ = {
			isa = XCBuildConfiguration;
			buildSettings = {
				ALWAYS_EMBED_SWIFT_STANDARD_LIBRARIES = YES;
				BUNDLE_LOADER = "$(TEST_HOST)";
				CODE_SIGN_STYLE = Automatic;
				CURRENT_PROJECT_VERSION = 1;
				DEVELOPMENT_TEAM = L8DY4ST653;
				GENERATE_INFOPLIST_FILE = YES;
				IPHONEOS_DEPLOYMENT_TARGET = 16.2;
				MARKETING_VERSION = 1.0;
				PRODUCT_BUNDLE_IDENTIFIER = com.tarabanov.IdeaSoftTests;
				PRODUCT_NAME = "$(TARGET_NAME)";
				SWIFT_EMIT_LOC_STRINGS = NO;
				SWIFT_VERSION = 5.0;
				TARGETED_DEVICE_FAMILY = "1,2";
				TEST_HOST = "$(BUILT_PRODUCTS_DIR)/IdeaSoft.app/$(BUNDLE_EXECUTABLE_FOLDER_PATH)/IdeaSoft";
			};
			name = Release;
		};
		CE3F812829AFB7B300C4B12F /* Debug */ = {
			isa = XCBuildConfiguration;
			buildSettings = {
				ALWAYS_EMBED_SWIFT_STANDARD_LIBRARIES = YES;
				CODE_SIGN_STYLE = Automatic;
				CURRENT_PROJECT_VERSION = 1;
				DEVELOPMENT_TEAM = L8DY4ST653;
				GENERATE_INFOPLIST_FILE = YES;
				MARKETING_VERSION = 1.0;
				PRODUCT_BUNDLE_IDENTIFIER = com.tarabanov.IdeaSoftUITests;
				PRODUCT_NAME = "$(TARGET_NAME)";
				SWIFT_EMIT_LOC_STRINGS = NO;
				SWIFT_VERSION = 5.0;
				TARGETED_DEVICE_FAMILY = "1,2";
				TEST_TARGET_NAME = IdeaSoft;
			};
			name = Debug;
		};
		CE3F812929AFB7B300C4B12F /* Release */ = {
			isa = XCBuildConfiguration;
			buildSettings = {
				ALWAYS_EMBED_SWIFT_STANDARD_LIBRARIES = YES;
				CODE_SIGN_STYLE = Automatic;
				CURRENT_PROJECT_VERSION = 1;
				DEVELOPMENT_TEAM = L8DY4ST653;
				GENERATE_INFOPLIST_FILE = YES;
				MARKETING_VERSION = 1.0;
				PRODUCT_BUNDLE_IDENTIFIER = com.tarabanov.IdeaSoftUITests;
				PRODUCT_NAME = "$(TARGET_NAME)";
				SWIFT_EMIT_LOC_STRINGS = NO;
				SWIFT_VERSION = 5.0;
				TARGETED_DEVICE_FAMILY = "1,2";
				TEST_TARGET_NAME = IdeaSoft;
			};
			name = Release;
		};
/* End XCBuildConfiguration section */

/* Begin XCConfigurationList section */
		CE3F80F229AFB7B000C4B12F /* Build configuration list for PBXProject "IdeaSoft" */ = {
			isa = XCConfigurationList;
			buildConfigurations = (
				CE3F811F29AFB7B300C4B12F /* Debug */,
				CE3F812029AFB7B300C4B12F /* Release */,
			);
			defaultConfigurationIsVisible = 0;
			defaultConfigurationName = Release;
		};
		CE3F812129AFB7B300C4B12F /* Build configuration list for PBXNativeTarget "IdeaSoft" */ = {
			isa = XCConfigurationList;
			buildConfigurations = (
				CE3F812229AFB7B300C4B12F /* Debug */,
				CE3F812329AFB7B300C4B12F /* Release */,
			);
			defaultConfigurationIsVisible = 0;
			defaultConfigurationName = Release;
		};
		CE3F812429AFB7B300C4B12F /* Build configuration list for PBXNativeTarget "IdeaSoftTests" */ = {
			isa = XCConfigurationList;
			buildConfigurations = (
				CE3F812529AFB7B300C4B12F /* Debug */,
				CE3F812629AFB7B300C4B12F /* Release */,
			);
			defaultConfigurationIsVisible = 0;
			defaultConfigurationName = Release;
		};
		CE3F812729AFB7B300C4B12F /* Build configuration list for PBXNativeTarget "IdeaSoftUITests" */ = {
			isa = XCConfigurationList;
			buildConfigurations = (
				CE3F812829AFB7B300C4B12F /* Debug */,
				CE3F812929AFB7B300C4B12F /* Release */,
			);
			defaultConfigurationIsVisible = 0;
			defaultConfigurationName = Release;
		};
/* End XCConfigurationList section */
	};
	rootObject = CE3F80EF29AFB7B000C4B12F /* Project object */;
}
